{
  "nodes": {
    "nixpkgs": {
      "locked": {
        "lastModified": 1671934316,
        "narHash": "sha256-faHL815Q7hUgvQ9FTu1JNO2+0iJth3Gly3Tgm7V9rlo=",
        "owner": "NixOS",
        "repo": "nixpkgs",
        "rev": "66ac96a8745b7c407587a042e5728d21507a3e7b",
        "type": "github"
      },
      "original": {
        "owner": "NixOS",
        "ref": "master",
        "repo": "nixpkgs",
        "type": "github"
      }
    },
    "root": {
      "inputs": {
        "nixpkgs": "nixpkgs"
      }
    }
  },
  "root": "root",
  "version": 7
}
